
Microsoft Visual Studio Solution File, Format Version 12.00
# Visual Studio Version 17
VisualStudioVersion = 17.10.35013.160
MinimumVisualStudioVersion = 10.0.40219.1
Project("{FAE04EC0-301F-11D3-BF4B-00C04F79EFBC}") = "FadakTest", "FadakTest\FadakTest.csproj", "{4C55053C-C474-4E86-8A7A-DDD796F62F99}"
EndProject
Project("{FAE04EC0-301F-11D3-BF4B-00C04F79EFBC}") = "FadakTest.Domain", "FadakTest.Domain\FadakTest.Domain\FadakTest.Domain.csproj", "{3EC11EA5-530C-4BFE-A1DD-0FA1B3880A95}"
EndProject
Project("{FAE04EC0-301F-11D3-BF4B-00C04F79EFBC}") = "FadakTest.Repository", "FadakTest.Repository\FadakTest.Repository\FadakTest.Repository.csproj", "{2FF38154-4F65-4254-A83E-ED5C06E6174A}"
EndProject
Global
	GlobalSection(SolutionConfigurationPlatforms) = preSolution
		Debug|Any CPU = Debug|Any CPU
		Release|Any CPU = Release|Any CPU
	EndGlobalSection
	GlobalSection(ProjectConfigurationPlatforms) = postSolution
		{4C55053C-C474-4E86-8A7A-DDD796F62F99}.Debug|Any CPU.ActiveCfg = Debug|Any CPU
		{4C55053C-C474-4E86-8A7A-DDD796F62F99}.Debug|Any CPU.Build.0 = Debug|Any CPU
		{4C55053C-C474-4E86-8A7A-DDD796F62F99}.Release|Any CPU.ActiveCfg = Release|Any CPU
		{4C55053C-C474-4E86-8A7A-DDD796F62F99}.Release|Any CPU.Build.0 = Release|Any CPU
		{3EC11EA5-530C-4BFE-A1DD-0FA1B3880A95}.Debug|Any CPU.ActiveCfg = Debug|Any CPU
		{3EC11EA5-530C-4BFE-A1DD-0FA1B3880A95}.Debug|Any CPU.Build.0 = Debug|Any CPU
		{3EC11EA5-530C-4BFE-A1DD-0FA1B3880A95}.Release|Any CPU.ActiveCfg = Release|Any CPU
		{3EC11EA5-530C-4BFE-A1DD-0FA1B3880A95}.Release|Any CPU.Build.0 = Release|Any CPU
		{2FF38154-4F65-4254-A83E-ED5C06E6174A}.Debug|Any CPU.ActiveCfg = Debug|Any CPU
		{2FF38154-4F65-4254-A83E-ED5C06E6174A}.Debug|Any CPU.Build.0 = Debug|Any CPU
		{2FF38154-4F65-4254-A83E-ED5C06E6174A}.Release|Any CPU.ActiveCfg = Release|Any CPU
		{2FF38154-4F65-4254-A83E-ED5C06E6174A}.Release|Any CPU.Build.0 = Release|Any CPU
	EndGlobalSection
	GlobalSection(SolutionProperties) = preSolution
		HideSolutionNode = FALSE
	EndGlobalSection
	GlobalSection(ExtensibilityGlobals) = postSolution
		SolutionGuid = {275EA8C2-049B-4FDD-A352-674861721BF0}
	EndGlobalSection
EndGlobal
